{
  "name": "test",
  "version": "1.0.0",
  "lockfileVersion": 2,
  "requires": true,
  "packages": {
    "": {
      "name": "test",
      "version": "1.0.0",
      "license": "ISC",
      "dependencies": {
        "@babylonjs/core": "^5.46.0",
        "@babylonjs/loaders": "^5.50.1"
      }
    },
    "node_modules/@babylonjs/core": {
      "version": "5.46.0",
      "resolved": "https://registry.npmjs.org/@babylonjs/core/-/core-5.46.0.tgz",
      "integrity": "sha512-6PCaBByAxeXjM+lX14K2Do1pVbsOeQPA4TCd/Ve+1Gcr2CFKsfPb7c7mtFB90fTlWkN6+tE3zRDeu1ZdvSVKPQ=="
    },
    "node_modules/@babylonjs/loaders": {
      "version": "5.50.1",
      "resolved": "https://registry.npmjs.org/@babylonjs/loaders/-/loaders-5.50.1.tgz",
      "integrity": "sha512-baXJ3QYVAvs4AUHl4VnL7ASKbz+gY+rUvKgtrtAuvwE6fYCWWrgsP0w6xVDNiNEChNKL7wMvF1ZwhJJOBfBUgQ==",
      "peerDependencies": {
        "@babylonjs/core": "^5.22.0",
        "babylonjs-gltf2interface": "^5.22.0"
      }
    },
    "node_modules/babylonjs-gltf2interface": {
      "version": "5.50.1",
      "resolved": "https://registry.npmjs.org/babylonjs-gltf2interface/-/babylonjs-gltf2interface-5.50.1.tgz",
      "integrity": "sha512-FgXTm/N0Vz/K4FA0X5OoHxQ7tyacxRvfd8MBYMEtvSSTyDpYEiEqhEmcUgAON0OGGJ3fBYl9jZXromXO2NG7ow==",
      "peer": true
    }
  },
  "dependencies": {
    "@babylonjs/core": {
      "version": "5.46.0",
      "resolved": "https://registry.npmjs.org/@babylonjs/core/-/core-5.46.0.tgz",
      "integrity": "sha512-6PCaBByAxeXjM+lX14K2Do1pVbsOeQPA4TCd/Ve+1Gcr2CFKsfPb7c7mtFB90fTlWkN6+tE3zRDeu1ZdvSVKPQ=="
    },
    "@babylonjs/loaders": {
      "version": "5.50.1",
      "resolved": "https://registry.npmjs.org/@babylonjs/loaders/-/loaders-5.50.1.tgz",
      "integrity": "sha512-baXJ3QYVAvs4AUHl4VnL7ASKbz+gY+rUvKgtrtAuvwE6fYCWWrgsP0w6xVDNiNEChNKL7wMvF1ZwhJJOBfBUgQ==",
      "requires": {}
    },
    "babylonjs-gltf2interface": {
      "version": "5.50.1",
      "resolved": "https://registry.npmjs.org/babylonjs-gltf2interface/-/babylonjs-gltf2interface-5.50.1.tgz",
      "integrity": "sha512-FgXTm/N0Vz/K4FA0X5OoHxQ7tyacxRvfd8MBYMEtvSSTyDpYEiEqhEmcUgAON0OGGJ3fBYl9jZXromXO2NG7ow==",
      "peer": true
    }
  }
}
