{
  "name": "test",
  "version": "1.0.0",
  "lockfileVersion": 2,
  "requires": true,
  "packages": {
    "": {
      "name": "test",
      "version": "1.0.0",
      "license": "ISC",
      "dependencies": {
        "@babylonjs/core": "^5.46.0"
      }
    },
    "node_modules/@babylonjs/core": {
      "version": "5.46.0",
      "resolved": "https://registry.npmjs.org/@babylonjs/core/-/core-5.46.0.tgz",
      "integrity": "sha512-6PCaBByAxeXjM+lX14K2Do1pVbsOeQPA4TCd/Ve+1Gcr2CFKsfPb7c7mtFB90fTlWkN6+tE3zRDeu1ZdvSVKPQ=="
    }
  },
  "dependencies": {
    "@babylonjs/core": {
      "version": "5.46.0",
      "resolved": "https://registry.npmjs.org/@babylonjs/core/-/core-5.46.0.tgz",
      "integrity": "sha512-6PCaBByAxeXjM+lX14K2Do1pVbsOeQPA4TCd/Ve+1Gcr2CFKsfPb7c7mtFB90fTlWkN6+tE3zRDeu1ZdvSVKPQ=="
    }
  }
}
